{
  "name": "@fateforge/cliproxyapi-cli",
  "version": "1.0.2",
  "lockfileVersion": 3,
  "requires": true,
  "packages": {
    "": {
      "name": "@fateforge/cliproxyapi-cli",
      "version": "1.0.2",
      "license": "MIT",
      "bin": {
        "cliproxyapi-cli": "scripts/run.js"
      },
      "engines": {
        "node": ">=16"
      },
      "optionalDependencies": {
        "@fateforge/cliproxyapi-cli-darwin-arm64": "1.0.2",
        "@fateforge/cliproxyapi-cli-darwin-x64": "1.0.2",
        "@fateforge/cliproxyapi-cli-linux-arm64": "1.0.2",
        "@fateforge/cliproxyapi-cli-linux-x64": "1.0.2",
        "@fateforge/cliproxyapi-cli-win32-arm64": "1.0.2",
        "@fateforge/cliproxyapi-cli-win32-x64": "1.0.2"
      }
    },
    "node_modules/@fateforge/cliproxyapi-cli-darwin-arm64": {
      "version": "1.0.2",
      "optional": true
    },
    "node_modules/@fateforge/cliproxyapi-cli-darwin-x64": {
      "version": "1.0.2",
      "optional": true
    },
    "node_modules/@fateforge/cliproxyapi-cli-linux-arm64": {
      "version": "1.0.2",
      "optional": true
    },
    "node_modules/@fateforge/cliproxyapi-cli-linux-x64": {
      "version": "1.0.2",
      "optional": true
    },
    "node_modules/@fateforge/cliproxyapi-cli-win32-arm64": {
      "version": "1.0.2",
      "optional": true
    },
    "node_modules/@fateforge/cliproxyapi-cli-win32-x64": {
      "version": "1.0.2",
      "optional": true
    }
  }
}
